// !$*UTF8*$!
{
	archiveVersion = 1;
	classes = {
	};
	objectVersion = 70;
	objects = {

/* Begin PBXBuildFile section */
		AA0001000000000000000001 /* CrabInferDemoApp.swift in Sources */ = {isa = PBXBuildFile; fileRef = AA0002000000000000000001 /* CrabInferDemoApp.swift */; };
		AA0001000000000000000002 /* ContentView.swift in Sources */ = {isa = PBXBuildFile; fileRef = AA0002000000000000000002 /* ContentView.swift */; };
		AA0001000000000000000003 /* InferenceViewModel.swift in Sources */ = {isa = PBXBuildFile; fileRef = AA0002000000000000000003 /* InferenceViewModel.swift */; };
		AA0001000000000000000004 /* crabinfer_core.swift in Sources */ = {isa = PBXBuildFile; fileRef = AA0002000000000000000004 /* crabinfer_core.swift */; };
		AA0001000000000000000005 /* Assets.xcassets in Resources */ = {isa = PBXBuildFile; fileRef = AA0002000000000000000005 /* Assets.xcassets */; };
		AA0001000000000000000006 /* CrabInferCore.xcframework in Frameworks */ = {isa = PBXBuildFile; fileRef = AA0002000000000000000006 /* CrabInferCore.xcframework */; };
		AA0001000000000000000007 /* Metal.framework in Frameworks */ = {isa = PBXBuildFile; fileRef = AA0002000000000000000007 /* Metal.framework */; };
		AA0001000000000000000008 /* InferenceThread.swift in Sources */ = {isa = PBXBuildFile; fileRef = AA0002000000000000000009 /* InferenceThread.swift */; };
		AA000100000000000000000A /* ChatView.swift in Sources */ = {isa = PBXBuildFile; fileRef = AA000200000000000000000A /* ChatView.swift */; };
		AA000100000000000000000B /* MessageBubble.swift in Sources */ = {isa = PBXBuildFile; fileRef = AA000200000000000000000B /* MessageBubble.swift */; };
		AA000100000000000000000C /* DeviceInfoBar.swift in Sources */ = {isa = PBXBuildFile; fileRef = AA000200000000000000000C /* DeviceInfoBar.swift */; };
		AA000100000000000000000D /* ModelLoaderSheet.swift in Sources */ = {isa = PBXBuildFile; fileRef = AA000200000000000000000D /* ModelLoaderSheet.swift */; };
/* End PBXBuildFile section */

/* Begin PBXFileReference section */
		AA0002000000000000000001 /* CrabInferDemoApp.swift */ = {isa = PBXFileReference; lastKnownFileType = sourcecode.swift; path = CrabInferDemoApp.swift; sourceTree = "<group>"; };
		AA0002000000000000000002 /* ContentView.swift */ = {isa = PBXFileReference; lastKnownFileType = sourcecode.swift; path = ContentView.swift; sourceTree = "<group>"; };
		AA0002000000000000000003 /* InferenceViewModel.swift */ = {isa = PBXFileReference; lastKnownFileType = sourcecode.swift; path = InferenceViewModel.swift; sourceTree = "<group>"; };
		AA0002000000000000000004 /* crabinfer_core.swift */ = {isa = PBXFileReference; lastKnownFileType = sourcecode.swift; name = crabinfer_core.swift; path = ../../generated/crabinfer_core.swift; sourceTree = SOURCE_ROOT; };
		AA0002000000000000000005 /* Assets.xcassets */ = {isa = PBXFileReference; lastKnownFileType = folder.assetcatalog; path = Assets.xcassets; sourceTree = "<group>"; };
		AA0002000000000000000006 /* CrabInferCore.xcframework */ = {isa = PBXFileReference; lastKnownFileType = wrapper.xcframework; name = CrabInferCore.xcframework; path = ../../CrabInferCore.xcframework; sourceTree = SOURCE_ROOT; };
		AA0002000000000000000007 /* Metal.framework */ = {isa = PBXFileReference; lastKnownFileType = wrapper.framework; name = Metal.framework; path = System/Library/Frameworks/Metal.framework; sourceTree = SDKROOT; };
		AA0002000000000000000008 /* CrabInferDemo.app */ = {isa = PBXFileReference; explicitFileType = wrapper.application; includeInIndex = 0; path = CrabInferDemo.app; sourceTree = BUILT_PRODUCTS_DIR; };
		AA0002000000000000000009 /* InferenceThread.swift */ = {isa = PBXFileReference; lastKnownFileType = sourcecode.swift; path = InferenceThread.swift; sourceTree = "<group>"; };
		AA000200000000000000000A /* ChatView.swift */ = {isa = PBXFileReference; lastKnownFileType = sourcecode.swift; path = ChatView.swift; sourceTree = "<group>"; };
		AA000200000000000000000B /* MessageBubble.swift */ = {isa = PBXFileReference; lastKnownFileType = sourcecode.swift; path = MessageBubble.swift; sourceTree = "<group>"; };
		AA000200000000000000000C /* DeviceInfoBar.swift */ = {isa = PBXFileReference; lastKnownFileType = sourcecode.swift; path = DeviceInfoBar.swift; sourceTree = "<group>"; };
		AA000200000000000000000D /* ModelLoaderSheet.swift */ = {isa = PBXFileReference; lastKnownFileType = sourcecode.swift; path = ModelLoaderSheet.swift; sourceTree = "<group>"; };
/* End PBXFileReference section */

/* Begin PBXFileSystemSynchronizedRootGroup section */
		2F27DF102F45031000A572EE /* metallibs */ = {isa = PBXFileSystemSynchronizedRootGroup; explicitFileTypes = {}; explicitFolders = (); name = metallibs; path = /Users/lspecian/Development/crabinfer/generated/metallibs; sourceTree = "<absolute>"; };
/* End PBXFileSystemSynchronizedRootGroup section */

/* Begin PBXFrameworksBuildPhase section */
		AA0003000000000000000001 /* Frameworks */ = {
			isa = PBXFrameworksBuildPhase;
			buildActionMask = 2147483647;
			files = (
				AA0001000000000000000006 /* CrabInferCore.xcframework in Frameworks */,
				AA0001000000000000000007 /* Metal.framework in Frameworks */,
			);
			runOnlyForDeploymentPostprocessing = 0;
		};
/* End PBXFrameworksBuildPhase section */

/* Begin PBXGroup section */
		AA0004000000000000000001 = {
			isa = PBXGroup;
			children = (
				AA0004000000000000000002 /* CrabInferDemo */,
				AA0002000000000000000004 /* crabinfer_core.swift */,
				AA0004000000000000000003 /* Frameworks */,
				AA0004000000000000000004 /* Products */,
			);
			sourceTree = "<group>";
		};
		AA0004000000000000000002 /* CrabInferDemo */ = {
			isa = PBXGroup;
			children = (
				2F27DF102F45031000A572EE /* metallibs */,
				AA0002000000000000000001 /* CrabInferDemoApp.swift */,
				AA0002000000000000000002 /* ContentView.swift */,
				AA0002000000000000000003 /* InferenceViewModel.swift */,
				AA0002000000000000000009 /* InferenceThread.swift */,
				AA000200000000000000000A /* ChatView.swift */,
				AA000200000000000000000B /* MessageBubble.swift */,
				AA000200000000000000000C /* DeviceInfoBar.swift */,
				AA000200000000000000000D /* ModelLoaderSheet.swift */,
				AA0002000000000000000005 /* Assets.xcassets */,
			);
			path = CrabInferDemo;
			sourceTree = "<group>";
		};
		AA0004000000000000000003 /* Frameworks */ = {
			isa = PBXGroup;
			children = (
				AA0002000000000000000006 /* CrabInferCore.xcframework */,
				AA0002000000000000000007 /* Metal.framework */,
			);
			name = Frameworks;
			sourceTree = "<group>";
		};
		AA0004000000000000000004 /* Products */ = {
			isa = PBXGroup;
			children = (
				AA0002000000000000000008 /* CrabInferDemo.app */,
			);
			name = Products;
			sourceTree = "<group>";
		};
/* End PBXGroup section */

/* Begin PBXNativeTarget section */
		AA0005000000000000000001 /* CrabInferDemo */ = {
			isa = PBXNativeTarget;
			buildConfigurationList = AA0009000000000000000002 /* Build configuration list for PBXNativeTarget "CrabInferDemo" */;
			buildPhases = (
				AA0006000000000000000001 /* Sources */,
				AA0003000000000000000001 /* Frameworks */,
				AA0007000000000000000001 /* Resources */,
			);
			buildRules = (
			);
			dependencies = (
			);
			fileSystemSynchronizedGroups = (
				2F27DF102F45031000A572EE /* metallibs */,
			);
			name = CrabInferDemo;
			productName = CrabInferDemo;
			productReference = AA0002000000000000000008 /* CrabInferDemo.app */;
			productType = "com.apple.product-type.application";
		};
/* End PBXNativeTarget section */

/* Begin PBXProject section */
		AA00A0000000000000000001 /* Project object */ = {
			isa = PBXProject;
			attributes = {
				BuildIndependentTargetsInParallel = 1;
				LastSwiftUpdateCheck = 1500;
				LastUpgradeCheck = 2610;
				TargetAttributes = {
					AA0005000000000000000001 = {
						CreatedOnToolsVersion = 15.0;
					};
				};
			};
			buildConfigurationList = AA0009000000000000000001 /* Build configuration list for PBXProject "CrabInferDemo" */;
			compatibilityVersion = "Xcode 14.0";
			developmentRegion = en;
			hasScannedForEncodings = 0;
			knownRegions = (
				en,
				Base,
			);
			mainGroup = AA0004000000000000000001;
			productRefGroup = AA0004000000000000000004 /* Products */;
			projectDirPath = "";
			projectRoot = "";
			targets = (
				AA0005000000000000000001 /* CrabInferDemo */,
			);
		};
/* End PBXProject section */

/* Begin PBXResourcesBuildPhase section */
		AA0007000000000000000001 /* Resources */ = {
			isa = PBXResourcesBuildPhase;
			buildActionMask = 2147483647;
			files = (
				AA0001000000000000000005 /* Assets.xcassets in Resources */,
			);
			runOnlyForDeploymentPostprocessing = 0;
		};
/* End PBXResourcesBuildPhase section */

/* Begin PBXSourcesBuildPhase section */
		AA0006000000000000000001 /* Sources */ = {
			isa = PBXSourcesBuildPhase;
			buildActionMask = 2147483647;
			files = (
				AA0001000000000000000001 /* CrabInferDemoApp.swift in Sources */,
				AA0001000000000000000002 /* ContentView.swift in Sources */,
				AA0001000000000000000003 /* InferenceViewModel.swift in Sources */,
				AA0001000000000000000004 /* crabinfer_core.swift in Sources */,
				AA0001000000000000000008 /* InferenceThread.swift in Sources */,
				AA000100000000000000000A /* ChatView.swift in Sources */,
				AA000100000000000000000B /* MessageBubble.swift in Sources */,
				AA000100000000000000000C /* DeviceInfoBar.swift in Sources */,
				AA000100000000000000000D /* ModelLoaderSheet.swift in Sources */,
			);
			runOnlyForDeploymentPostprocessing = 0;
		};
/* End PBXSourcesBuildPhase section */

/* Begin XCBuildConfiguration section */
		AA0008000000000000000001 /* Debug */ = {
			isa = XCBuildConfiguration;
			buildSettings = {
				ALWAYS_SEARCH_USER_PATHS = NO;
				ASSETCATALOG_COMPILER_GENERATE_SWIFT_ASSET_SYMBOL_EXTENSIONS = YES;
				CLANG_ANALYZER_NONNULL = YES;
				CLANG_ANALYZER_NUMBER_OBJECT_CONVERSION = YES_AGGRESSIVE;
				CLANG_CXX_LANGUAGE_STANDARD = "gnu++20";
				CLANG_ENABLE_MODULES = YES;
				CLANG_ENABLE_OBJC_ARC = YES;
				CLANG_ENABLE_OBJC_WEAK = YES;
				CLANG_WARN_BLOCK_CAPTURE_AUTORELEASING = YES;
				CLANG_WARN_BOOL_CONVERSION = YES;
				CLANG_WARN_COMMA = YES;
				CLANG_WARN_CONSTANT_CONVERSION = YES;
				CLANG_WARN_DEPRECATED_OBJC_IMPLEMENTATIONS = YES;
				CLANG_WARN_DIRECT_OBJC_ISA_USAGE = YES_ERROR;
				CLANG_WARN_DOCUMENTATION_COMMENTS = YES;
				CLANG_WARN_EMPTY_BODY = YES;
				CLANG_WARN_ENUM_CONVERSION = YES;
				CLANG_WARN_INFINITE_RECURSION = YES;
				CLANG_WARN_INT_CONVERSION = YES;
				CLANG_WARN_NON_LITERAL_NULL_CONVERSION = YES;
				CLANG_WARN_OBJC_IMPLICIT_RETAIN_SELF = YES;
				CLANG_WARN_OBJC_LITERAL_CONVERSION = YES;
				CLANG_WARN_OBJC_ROOT_CLASS = YES_ERROR;
				CLANG_WARN_QUOTED_INCLUDE_IN_FRAMEWORK_HEADER = YES;
				CLANG_WARN_RANGE_LOOP_ANALYSIS = YES;
				CLANG_WARN_STRICT_PROTOTYPES = YES;
				CLANG_WARN_SUSPICIOUS_MOVE = YES;
				CLANG_WARN_UNGUARDED_AVAILABILITY = YES_AGGRESSIVE;
				CLANG_WARN_UNREACHABLE_CODE = YES;
				CLANG_WARN__DUPLICATE_METHOD_MATCH = YES;
				COPY_PHASE_STRIP = NO;
				DEBUG_INFORMATION_FORMAT = dwarf;
				DEVELOPMENT_TEAM = TLE5XVE42R;
				ENABLE_STRICT_OBJC_MSGSEND = YES;
				ENABLE_TESTABILITY = YES;
				ENABLE_USER_SCRIPT_SANDBOXING = YES;
				GCC_C_LANGUAGE_STANDARD = gnu17;
				GCC_DYNAMIC_NO_PIC = NO;
				GCC_NO_COMMON_BLOCKS = YES;
				GCC_OPTIMIZATION_LEVEL = 0;
				GCC_PREPROCESSOR_DEFINITIONS = (
					"DEBUG=1",
					"$(inherited)",
				);
				GCC_WARN_64_TO_32_BIT_CONVERSION = YES;
				GCC_WARN_ABOUT_RETURN_TYPE = YES_ERROR;
				GCC_WARN_UNDECLARED_SELECTOR = YES;
				GCC_WARN_UNINITIALIZED_AUTOS = YES_AGGRESSIVE;
				GCC_WARN_UNUSED_FUNCTION = YES;
				GCC_WARN_UNUSED_VARIABLE = YES;
				IPHONEOS_DEPLOYMENT_TARGET = 16.0;
				MTL_ENABLE_DEBUG_INFO = INCLUDE_SOURCE;
				MTL_FAST_MATH = YES;
				ONLY_ACTIVE_ARCH = YES;
				SDKROOT = iphoneos;
				STRING_CATALOG_GENERATE_SYMBOLS = YES;
				SWIFT_ACTIVE_COMPILATION_CONDITIONS = "$(inherited) DEBUG";
				SWIFT_OPTIMIZATION_LEVEL = "-Onone";
			};
			name = Debug;
		};
		AA0008000000000000000002 /* Release */ = {
			isa = XCBuildConfiguration;
			buildSettings = {
				ALWAYS_SEARCH_USER_PATHS = NO;
				ASSETCATALOG_COMPILER_GENERATE_SWIFT_ASSET_SYMBOL_EXTENSIONS = YES;
				CLANG_ANALYZER_NONNULL = YES;
				CLANG_ANALYZER_NUMBER_OBJECT_CONVERSION = YES_AGGRESSIVE;
				CLANG_CXX_LANGUAGE_STANDARD = "gnu++20";
				CLANG_ENABLE_MODULES = YES;
				CLANG_ENABLE_OBJC_ARC = YES;
				CLANG_ENABLE_OBJC_WEAK = YES;
				CLANG_WARN_BLOCK_CAPTURE_AUTORELEASING = YES;
				CLANG_WARN_BOOL_CONVERSION = YES;
				CLANG_WARN_COMMA = YES;
				CLANG_WARN_CONSTANT_CONVERSION = YES;
				CLANG_WARN_DEPRECATED_OBJC_IMPLEMENTATIONS = YES;
				CLANG_WARN_DIRECT_OBJC_ISA_USAGE = YES_ERROR;
				CLANG_WARN_DOCUMENTATION_COMMENTS = YES;
				CLANG_WARN_EMPTY_BODY = YES;
				CLANG_WARN_ENUM_CONVERSION = YES;
				CLANG_WARN_INFINITE_RECURSION = YES;
				CLANG_WARN_INT_CONVERSION = YES;
				CLANG_WARN_NON_LITERAL_NULL_CONVERSION = YES;
				CLANG_WARN_OBJC_IMPLICIT_RETAIN_SELF = YES;
				CLANG_WARN_OBJC_LITERAL_CONVERSION = YES;
				CLANG_WARN_OBJC_ROOT_CLASS = YES_ERROR;
				CLANG_WARN_QUOTED_INCLUDE_IN_FRAMEWORK_HEADER = YES;
				CLANG_WARN_RANGE_LOOP_ANALYSIS = YES;
				CLANG_WARN_STRICT_PROTOTYPES = YES;
				CLANG_WARN_SUSPICIOUS_MOVE = YES;
				CLANG_WARN_UNGUARDED_AVAILABILITY = YES_AGGRESSIVE;
				CLANG_WARN_UNREACHABLE_CODE = YES;
				CLANG_WARN__DUPLICATE_METHOD_MATCH = YES;
				COPY_PHASE_STRIP = NO;
				DEBUG_INFORMATION_FORMAT = "dwarf-with-dsym";
				DEVELOPMENT_TEAM = TLE5XVE42R;
				ENABLE_NS_ASSERTIONS = NO;
				ENABLE_STRICT_OBJC_MSGSEND = YES;
				ENABLE_USER_SCRIPT_SANDBOXING = YES;
				GCC_C_LANGUAGE_STANDARD = gnu17;
				GCC_NO_COMMON_BLOCKS = YES;
				GCC_WARN_64_TO_32_BIT_CONVERSION = YES;
				GCC_WARN_ABOUT_RETURN_TYPE = YES_ERROR;
				GCC_WARN_UNDECLARED_SELECTOR = YES;
				GCC_WARN_UNINITIALIZED_AUTOS = YES_AGGRESSIVE;
				GCC_WARN_UNUSED_FUNCTION = YES;
				GCC_WARN_UNUSED_VARIABLE = YES;
				IPHONEOS_DEPLOYMENT_TARGET = 16.0;
				MTL_ENABLE_DEBUG_INFO = NO;
				MTL_FAST_MATH = YES;
				SDKROOT = iphoneos;
				STRING_CATALOG_GENERATE_SYMBOLS = YES;
				SWIFT_COMPILATION_MODE = wholemodule;
				VALIDATE_PRODUCT = YES;
			};
			name = Release;
		};
		AA0008000000000000000003 /* Debug */ = {
			isa = XCBuildConfiguration;
			buildSettings = {
				ASSETCATALOG_COMPILER_APPICON_NAME = AppIcon;
				ASSETCATALOG_COMPILER_GLOBAL_ACCENT_COLOR_NAME = AccentColor;
				CODE_SIGN_STYLE = Automatic;
				CURRENT_PROJECT_VERSION = 1;
				DEAD_CODE_STRIPPING = YES;
				ENABLE_PREVIEWS = YES;
				GENERATE_INFOPLIST_FILE = YES;
				INFOPLIST_KEY_CFBundleDisplayName = CrabInfer;
				INFOPLIST_KEY_LSSupportsOpeningDocumentsInPlace = YES;
				INFOPLIST_KEY_UIApplicationSceneManifest_Generation = YES;
				INFOPLIST_KEY_UIApplicationSupportsIndirectInputEvents = YES;
				INFOPLIST_KEY_UIFileSharingEnabled = YES;
				INFOPLIST_KEY_UILaunchScreen_Generation = YES;
				INFOPLIST_KEY_UISupportedInterfaceOrientations_iPad = "UIInterfaceOrientationPortrait UIInterfaceOrientationPortraitUpsideDown UIInterfaceOrientationLandscapeLeft UIInterfaceOrientationLandscapeRight";
				INFOPLIST_KEY_UISupportedInterfaceOrientations_iPhone = "UIInterfaceOrientationPortrait UIInterfaceOrientationLandscapeLeft UIInterfaceOrientationLandscapeRight";
				MARKETING_VERSION = 1.0;
				OTHER_LDFLAGS = (
					"-ObjC",
					"-liconv",
				);
				PRODUCT_BUNDLE_IDENTIFIER = com.crabinfer.demo;
				PRODUCT_NAME = "$(TARGET_NAME)";
				SWIFT_EMIT_LOC_STRINGS = YES;
				SWIFT_VERSION = 5.0;
				TARGETED_DEVICE_FAMILY = "1,2";
			};
			name = Debug;
		};
		AA0008000000000000000004 /* Release */ = {
			isa = XCBuildConfiguration;
			buildSettings = {
				ASSETCATALOG_COMPILER_APPICON_NAME = AppIcon;
				ASSETCATALOG_COMPILER_GLOBAL_ACCENT_COLOR_NAME = AccentColor;
				CODE_SIGN_STYLE = Automatic;
				CURRENT_PROJECT_VERSION = 1;
				DEAD_CODE_STRIPPING = YES;
				ENABLE_PREVIEWS = YES;
				GENERATE_INFOPLIST_FILE = YES;
				INFOPLIST_KEY_CFBundleDisplayName = CrabInfer;
				INFOPLIST_KEY_LSSupportsOpeningDocumentsInPlace = YES;
				INFOPLIST_KEY_UIApplicationSceneManifest_Generation = YES;
				INFOPLIST_KEY_UIApplicationSupportsIndirectInputEvents = YES;
				INFOPLIST_KEY_UIFileSharingEnabled = YES;
				INFOPLIST_KEY_UILaunchScreen_Generation = YES;
				INFOPLIST_KEY_UISupportedInterfaceOrientations_iPad = "UIInterfaceOrientationPortrait UIInterfaceOrientationPortraitUpsideDown UIInterfaceOrientationLandscapeLeft UIInterfaceOrientationLandscapeRight";
				INFOPLIST_KEY_UISupportedInterfaceOrientations_iPhone = "UIInterfaceOrientationPortrait UIInterfaceOrientationLandscapeLeft UIInterfaceOrientationLandscapeRight";
				MARKETING_VERSION = 1.0;
				OTHER_LDFLAGS = (
					"-ObjC",
					"-liconv",
				);
				PRODUCT_BUNDLE_IDENTIFIER = com.crabinfer.demo;
				PRODUCT_NAME = "$(TARGET_NAME)";
				SWIFT_EMIT_LOC_STRINGS = YES;
				SWIFT_VERSION = 5.0;
				TARGETED_DEVICE_FAMILY = "1,2";
			};
			name = Release;
		};
/* End XCBuildConfiguration section */

/* Begin XCConfigurationList section */
		AA0009000000000000000001 /* Build configuration list for PBXProject "CrabInferDemo" */ = {
			isa = XCConfigurationList;
			buildConfigurations = (
				AA0008000000000000000001 /* Debug */,
				AA0008000000000000000002 /* Release */,
			);
			defaultConfigurationIsVisible = 0;
			defaultConfigurationName = Release;
		};
		AA0009000000000000000002 /* Build configuration list for PBXNativeTarget "CrabInferDemo" */ = {
			isa = XCConfigurationList;
			buildConfigurations = (
				AA0008000000000000000003 /* Debug */,
				AA0008000000000000000004 /* Release */,
			);
			defaultConfigurationIsVisible = 0;
			defaultConfigurationName = Release;
		};
/* End XCConfigurationList section */
	};
	rootObject = AA00A0000000000000000001 /* Project object */;
}
